// !$*UTF8*$!
{
	archiveVersion = 1;
	classes = {
	};
	objectVersion = 46;
	objects = {

/* Begin PBXBuildFile section */
		18B970DB103AA64F00809077 /* NSDataAdditions.m in Sources */ = {isa = PBXBuildFile; fileRef = 18B970D8103AA64F00809077 /* NSDataAdditions.m */; };
		18B970DC103AA64F00809077 /* TBXML.m in Sources */ = {isa = PBXBuildFile; fileRef = 18B970DA103AA64F00809077 /* TBXML.m */; };
		18B9710F103AA7AF00809077 /* ParticleEmitter.m in Sources */ = {isa = PBXBuildFile; fileRef = 18B9710E103AA7AF00809077 /* ParticleEmitter.m */; };
		18B97113103AA7C600809077 /* BitmapFont.m in Sources */ = {isa = PBXBuildFile; fileRef = 18B97112103AA7C600809077 /* BitmapFont.m */; };
		18B97121103AA7F800809077 /* Animation.m in Sources */ = {isa = PBXBuildFile; fileRef = 18B97120103AA7F800809077 /* Animation.m */; };
		18B9712A103AA83400809077 /* Texture2D.m in Sources */ = {isa = PBXBuildFile; fileRef = 18B97129103AA83400809077 /* Texture2D.m */; };
		18B97137103AA8AA00809077 /* TextureManager.m in Sources */ = {isa = PBXBuildFile; fileRef = 18B97136103AA8AA00809077 /* TextureManager.m */; };
		18B9713B103AA8C500809077 /* ImageRenderManager.m in Sources */ = {isa = PBXBuildFile; fileRef = 18B9713A103AA8C500809077 /* ImageRenderManager.m */; };
		18B97140103AA8DA00809077 /* AbstractEntity.m in Sources */ = {isa = PBXBuildFile; fileRef = 18B9713D103AA8DA00809077 /* AbstractEntity.m */; };
		18B97141103AA8DA00809077 /* AbstractScene.m in Sources */ = {isa = PBXBuildFile; fileRef = 18B9713F103AA8DA00809077 /* AbstractScene.m */; };
		18B97153103AA91900809077 /* GameController.m in Sources */ = {isa = PBXBuildFile; fileRef = 18B97152103AA91900809077 /* GameController.m */; };
		18B97160103AAB0F00809077 /* AVFoundation.framework in Frameworks */ = {isa = PBXBuildFile; fileRef = 18B9715F103AAB0F00809077 /* AVFoundation.framework */; };
		18B97162103AAB0F00809077 /* AudioToolbox.framework in Frameworks */ = {isa = PBXBuildFile; fileRef = 18B97161103AAB0F00809077 /* AudioToolbox.framework */; };
		18B97164103AAB0F00809077 /* CoreAudio.framework in Frameworks */ = {isa = PBXBuildFile; fileRef = 18B97163103AAB0F00809077 /* CoreAudio.framework */; };
		18B97166103AAB0F00809077 /* CoreGraphics.framework in Frameworks */ = {isa = PBXBuildFile; fileRef = 18B97165103AAB0F00809077 /* CoreGraphics.framework */; };
		18B97168103AAB0F00809077 /* OpenAL.framework in Frameworks */ = {isa = PBXBuildFile; fileRef = 18B97167103AAB0F00809077 /* OpenAL.framework */; };
		18B97330103AAB2F00809077 /* libz.dylib in Frameworks */ = {isa = PBXBuildFile; fileRef = 18B9732F103AAB2F00809077 /* libz.dylib */; };
		1D3623260D0F684500981E51 /* ClassicInvadersAppDelegate.m in Sources */ = {isa = PBXBuildFile; fileRef = 1D3623250D0F684500981E51 /* ClassicInvadersAppDelegate.m */; };
		1D60589B0D05DD56006BFB54 /* main.m in Sources */ = {isa = PBXBuildFile; fileRef = 29B97316FDCFA39411CA2CEA /* main.m */; };
		1D60589F0D05DD5A006BFB54 /* Foundation.framework in Frameworks */ = {isa = PBXBuildFile; fileRef = 1D30AB110D05D00D00671497 /* Foundation.framework */; };
		1DF5F4E00D08C38300B7A737 /* UIKit.framework in Frameworks */ = {isa = PBXBuildFile; fileRef = 1DF5F4DF0D08C38300B7A737 /* UIKit.framework */; };
		28AD733F0D9D9553002E5188 /* MainWindow.xib in Resources */ = {isa = PBXBuildFile; fileRef = 28AD733E0D9D9553002E5188 /* MainWindow.xib */; };
		28FD15000DC6FC520079059D /* OpenGLES.framework in Frameworks */ = {isa = PBXBuildFile; fileRef = 28FD14FF0DC6FC520079059D /* OpenGLES.framework */; };
		28FD15080DC6FC5B0079059D /* QuartzCore.framework in Frameworks */ = {isa = PBXBuildFile; fileRef = 28FD15070DC6FC5B0079059D /* QuartzCore.framework */; };
		5F1BCB741151B86300F33168 /* Shot.m in Sources */ = {isa = PBXBuildFile; fileRef = 5F1BCB731151B86300F33168 /* Shot.m */; };
		5F1C42DE115038C70025119B /* Alien2.m in Sources */ = {isa = PBXBuildFile; fileRef = 5F1C42DD115038C70025119B /* Alien2.m */; };
		5F1C430411503B920025119B /* Alien3.m in Sources */ = {isa = PBXBuildFile; fileRef = 5F1C430311503B920025119B /* Alien3.m */; };
		5F1C433811503FD10025119B /* Player.m in Sources */ = {isa = PBXBuildFile; fileRef = 5F1C433711503FD10025119B /* Player.m */; };
		5F1CE0EF11714E280008E927 /* Flourish3.caf in Resources */ = {isa = PBXBuildFile; fileRef = 5F1CE0EE11714E280008E927 /* Flourish3.caf */; };
		5F1D43C3114D8B7A00797E5B /* Alien.m in Sources */ = {isa = PBXBuildFile; fileRef = 5F1D43C2114D8B7A00797E5B /* Alien.m */; };
		5F1D43C7114D8DB200797E5B /* pss_coordinates.plist in Resources */ = {isa = PBXBuildFile; fileRef = 5F1D43C5114D8DB200797E5B /* pss_coordinates.plist */; };
		5F1D43C8114D8DB200797E5B /* pss.png in Resources */ = {isa = PBXBuildFile; fileRef = 5F1D43C6114D8DB200797E5B /* pss.png */; };
		5F224D451159A82600A4AFBC /* BigBonusShip.m in Sources */ = {isa = PBXBuildFile; fileRef = 5F224D441159A82600A4AFBC /* BigBonusShip.m */; };
		5F224D481159A86200A4AFBC /* SmallBonusShip.m in Sources */ = {isa = PBXBuildFile; fileRef = 5F224D471159A86200A4AFBC /* SmallBonusShip.m */; };
		5F3EFA97117FC9B60075E6CE /* ci_menu_mono_30.fnt in Resources */ = {isa = PBXBuildFile; fileRef = 5F3EFA96117FC9B60075E6CE /* ci_menu_mono_30.fnt */; };
		5F3EFA99117FC9BC0075E6CE /* ci_menu_mono_30.png in Resources */ = {isa = PBXBuildFile; fileRef = 5F3EFA98117FC9BC0075E6CE /* ci_menu_mono_30.png */; };
		5F41975B116AC45400DD6A61 /* small_bonus.caf in Resources */ = {isa = PBXBuildFile; fileRef = 5F41975A116AC45400DD6A61 /* small_bonus.caf */; };
		5F41975D116AC46900DD6A61 /* PowerUp3.caf in Resources */ = {isa = PBXBuildFile; fileRef = 5F41975C116AC46900DD6A61 /* PowerUp3.caf */; };
		5F419767116AC7A900DD6A61 /* Transform1.caf in Resources */ = {isa = PBXBuildFile; fileRef = 5F419766116AC7A900DD6A61 /* Transform1.caf */; };
		5F41977C116AC97700DD6A61 /* Transform4.caf in Resources */ = {isa = PBXBuildFile; fileRef = 5F41977B116AC97700DD6A61 /* Transform4.caf */; };
		5F419784116ACB6400DD6A61 /* LevelUp2.caf in Resources */ = {isa = PBXBuildFile; fileRef = 5F419783116ACB6400DD6A61 /* LevelUp2.caf */; };
		5F41978D116ACFBA00DD6A61 /* Lost2.caf in Resources */ = {isa = PBXBuildFile; fileRef = 5F41978C116ACFBA00DD6A61 /* Lost2.caf */; };
		5F419793116ACFD300DD6A61 /* bg_1.caf in Resources */ = {isa = PBXBuildFile; fileRef = 5F41978E116ACFD200DD6A61 /* bg_1.caf */; };
		5F419794116ACFD300DD6A61 /* bg_2.caf in Resources */ = {isa = PBXBuildFile; fileRef = 5F41978F116ACFD200DD6A61 /* bg_2.caf */; };
		5F419795116ACFD300DD6A61 /* bg_3.caf in Resources */ = {isa = PBXBuildFile; fileRef = 5F419790116ACFD200DD6A61 /* bg_3.caf */; };
		5F419796116ACFD300DD6A61 /* bg_4.caf in Resources */ = {isa = PBXBuildFile; fileRef = 5F419791116ACFD300DD6A61 /* bg_4.caf */; };
		5F419797116ACFD300DD6A61 /* bg.caf in Resources */ = {isa = PBXBuildFile; fileRef = 5F419792116ACFD300DD6A61 /* bg.caf */; };
		5F438F48117A192B00539457 /* alien-2-1.png in Resources */ = {isa = PBXBuildFile; fileRef = 5F438F47117A192B00539457 /* alien-2-1.png */; };
		5F438F4A117A195700539457 /* alien-3-1.png in Resources */ = {isa = PBXBuildFile; fileRef = 5F438F49117A195700539457 /* alien-3-1.png */; };
		5F438F4C117A19CA00539457 /* alien-2-4.png in Resources */ = {isa = PBXBuildFile; fileRef = 5F438F4B117A19CA00539457 /* alien-2-4.png */; };
		5F438F4E117A19ED00539457 /* alien-1-1.png in Resources */ = {isa = PBXBuildFile; fileRef = 5F438F4D117A19ED00539457 /* alien-1-1.png */; };
		5F438FAA117A46B700539457 /* menu_select.caf in Resources */ = {isa = PBXBuildFile; fileRef = 5F438FA9117A46B700539457 /* menu_select.caf */; };
		5F47510511A82542007FB871 /* AlienShot.m in Sources */ = {isa = PBXBuildFile; fileRef = 5F47510411A82542007FB871 /* AlienShot.m */; };
		5F57A550117541E90024F431 /* alien-1-2.png in Resources */ = {isa = PBXBuildFile; fileRef = 5F57A54F117541E90024F431 /* alien-1-2.png */; };
		5F585F59116A9F67000DE830 /* shot.caf in Resources */ = {isa = PBXBuildFile; fileRef = 5F585F58116A9F67000DE830 /* shot.caf */; };
		5F585F5B116A9F8D000DE830 /* alien_death.caf in Resources */ = {isa = PBXBuildFile; fileRef = 5F585F5A116A9F8D000DE830 /* alien_death.caf */; };
		5F585F5D116A9F98000DE830 /* explosion.caf in Resources */ = {isa = PBXBuildFile; fileRef = 5F585F5C116A9F98000DE830 /* explosion.caf */; };
		5F585F5F116A9FAD000DE830 /* player_rebirth.caf in Resources */ = {isa = PBXBuildFile; fileRef = 5F585F5E116A9FAD000DE830 /* player_rebirth.caf */; };
		5F585F61116A9FBD000DE830 /* BuzzyLp.caf in Resources */ = {isa = PBXBuildFile; fileRef = 5F585F60116A9FBD000DE830 /* BuzzyLp.caf */; };
		5F585F6B116AA3E2000DE830 /* Impact3.caf in Resources */ = {isa = PBXBuildFile; fileRef = 5F585F6A116AA3E2000DE830 /* Impact3.caf */; };
		5F5FB32B115EBD9000290A1F /* ShieldPiece.m in Sources */ = {isa = PBXBuildFile; fileRef = 5F5FB32A115EBD9000290A1F /* ShieldPiece.m */; };
		5F96133E1182662E001A3771 /* ci_menu_mono_30_purple.png in Resources */ = {isa = PBXBuildFile; fileRef = 5F96133C1182662E001A3771 /* ci_menu_mono_30_purple.png */; };
		5F96133F1182662E001A3771 /* ci_menu_mono_30_purple.fnt in Resources */ = {isa = PBXBuildFile; fileRef = 5F96133D1182662E001A3771 /* ci_menu_mono_30_purple.fnt */; };
		5F9D2EF7116FDA3F00E9541B /* Lost3.caf in Resources */ = {isa = PBXBuildFile; fileRef = 5F9D2EF6116FDA3F00E9541B /* Lost3.caf */; };
		5F9D2FCF11701ABE00E9541B /* MainWindow-iPad.xib in Resources */ = {isa = PBXBuildFile; fileRef = 5F9D2FCE11701ABE00E9541B /* MainWindow-iPad.xib */; };
		5FA4000011B16616000555A4 /* small-bonus-ui-gfx.png in Resources */ = {isa = PBXBuildFile; fileRef = 5FA4FFFE11B16616000555A4 /* small-bonus-ui-gfx.png */; };
		5FA4005711B198A5000555A4 /* playerRebirth.xml in Resources */ = {isa = PBXBuildFile; fileRef = 5FA4005611B198A5000555A4 /* playerRebirth.xml */; };
		5FA4FFFF11B16616000555A4 /* big-bonus-ui-gfx.png in Resources */ = {isa = PBXBuildFile; fileRef = 5FA4FFFD11B16616000555A4 /* big-bonus-ui-gfx.png */; };
		5FB9529511B418D1007EC6BC /* allBlack-iPad.png in Resources */ = {isa = PBXBuildFile; fileRef = 5FB9529411B418D1007EC6BC /* allBlack-iPad.png */; };
		5FB952EE11B42939007EC6BC /* mono50green.fnt in Resources */ = {isa = PBXBuildFile; fileRef = 5FB952EC11B42939007EC6BC /* mono50green.fnt */; };
		5FB952EF11B42939007EC6BC /* mono50green.png in Resources */ = {isa = PBXBuildFile; fileRef = 5FB952ED11B42939007EC6BC /* mono50green.png */; };
		5FB952F611B42AE5007EC6BC /* mono50purple.fnt in Resources */ = {isa = PBXBuildFile; fileRef = 5FB952F411B42AE5007EC6BC /* mono50purple.fnt */; };
		5FB952F711B42AE5007EC6BC /* mono50purple.png in Resources */ = {isa = PBXBuildFile; fileRef = 5FB952F511B42AE5007EC6BC /* mono50purple.png */; };
		8F085E6110F0A56E00E5DC0D /* bookAntiqua32.fnt in Resources */ = {isa = PBXBuildFile; fileRef = 8F085E5D10F0A56E00E5DC0D /* bookAntiqua32.fnt */; };
		8F085E6310F0A56E00E5DC0D /* bookAntiqua32.png in Resources */ = {isa = PBXBuildFile; fileRef = 8F085E5F10F0A56E00E5DC0D /* bookAntiqua32.png */; };
		8F8569DC10C3E8F2008E53F8 /* dist.plist in Resources */ = {isa = PBXBuildFile; fileRef = 8F8569DB10C3E8F2008E53F8 /* dist.plist */; };
		8F8AE7F210AEBF2A00D82C5B /* explosion.xml in Resources */ = {isa = PBXBuildFile; fileRef = 8F8AE7EF10AEBF2A00D82C5B /* explosion.xml */; };
		8F8AE7F310AEBF2A00D82C5B /* alienBirth.xml in Resources */ = {isa = PBXBuildFile; fileRef = 8F8AE7F010AEBF2A00D82C5B /* alienBirth.xml */; };
		8F9F6E4F109C90AB0075FB0A /* PackedSpriteSheet.m in Sources */ = {isa = PBXBuildFile; fileRef = 8F9F6E4E109C90AB0075FB0A /* PackedSpriteSheet.m */; };
		8FB1F5F9112322C900D5356A /* SoundManager.m in Sources */ = {isa = PBXBuildFile; fileRef = 8FB1F5F8112322C900D5356A /* SoundManager.m */; };
		8FB43D5B10DD29F400A88C94 /* TBXMLParticleAdditions.m in Sources */ = {isa = PBXBuildFile; fileRef = 8FB43D5A10DD29F400A88C94 /* TBXMLParticleAdditions.m */; };
		8FB4D43510AD6304003ADC58 /* allBlack.png in Resources */ = {isa = PBXBuildFile; fileRef = 8FB4D43410AD6304003ADC58 /* allBlack.png */; };
		8FD6477010DB9F070025BA9D /* franklin16.fnt in Resources */ = {isa = PBXBuildFile; fileRef = 8FD6476E10DB9F070025BA9D /* franklin16.fnt */; };
		8FD6477110DB9F070025BA9D /* franklin16.png in Resources */ = {isa = PBXBuildFile; fileRef = 8FD6476F10DB9F070025BA9D /* franklin16.png */; };
		8FDCC42B10D0C217000C15E4 /* Score.m in Sources */ = {isa = PBXBuildFile; fileRef = 8FDCC42A10D0C217000C15E4 /* Score.m */; };
		8FDE043B112AB9B1008FF523 /* EAGLView.m in Sources */ = {isa = PBXBuildFile; fileRef = 8F5E0E16112AB45C007EB939 /* EAGLView.m */; };
		8FDE043C112AB9B6008FF523 /* ES1Renderer.m in Sources */ = {isa = PBXBuildFile; fileRef = 8F5E0E18112AB45C007EB939 /* ES1Renderer.m */; };
		8FDE722A10B9A0E5008177E7 /* Image.m in Sources */ = {isa = PBXBuildFile; fileRef = 8FDE722910B9A0E5008177E7 /* Image.m */; };
		8FEAB093108776B800CE2786 /* icon.png in Resources */ = {isa = PBXBuildFile; fileRef = 8FEAB092108776B800CE2786 /* icon.png */; };
		8FF379EF10530D5200C98F63 /* SpriteSheet.m in Sources */ = {isa = PBXBuildFile; fileRef = 8FF379EE10530D5200C98F63 /* SpriteSheet.m */; };
		8FF37A1F10530EB100C98F63 /* GameScene.m in Sources */ = {isa = PBXBuildFile; fileRef = 8FF37A1E10530EB100C98F63 /* GameScene.m */; };
		8FF37B361053BA2400C98F63 /* Primatives.m in Sources */ = {isa = PBXBuildFile; fileRef = 8FF37B351053BA2400C98F63 /* Primatives.m */; };
		8FF37E37105406A400C98F63 /* MenuScene.m in Sources */ = {isa = PBXBuildFile; fileRef = 8FF37E36105406A400C98F63 /* MenuScene.m */; };
		8FF3813F10542EE200C98F63 /* MyOpenALSupport.c in Sources */ = {isa = PBXBuildFile; fileRef = 8FF3813B10542EE200C98F63 /* MyOpenALSupport.c */; };
		8FFBD21F10EB74600002C000 /* texture.png in Resources */ = {isa = PBXBuildFile; fileRef = 8FFBD21E10EB74600002C000 /* texture.png */; };
/* End PBXBuildFile section */

/* Begin PBXFileReference section */
		18B970D7103AA64F00809077 /* NSDataAdditions.h */ = {isa = PBXFileReference; fileEncoding = 4; lastKnownFileType = sourcecode.c.h; path = NSDataAdditions.h; sourceTree = "<group>"; };
		18B970D8103AA64F00809077 /* NSDataAdditions.m */ = {isa = PBXFileReference; fileEncoding = 4; lastKnownFileType = sourcecode.c.objc; path = NSDataAdditions.m; sourceTree = "<group>"; };
		18B970D9103AA64F00809077 /* TBXML.h */ = {isa = PBXFileReference; fileEncoding = 4; lastKnownFileType = sourcecode.c.h; path = TBXML.h; sourceTree = "<group>"; };
		18B970DA103AA64F00809077 /* TBXML.m */ = {isa = PBXFileReference; fileEncoding = 4; lastKnownFileType = sourcecode.c.objc; path = TBXML.m; sourceTree = "<group>"; };
		18B97109103AA78100809077 /* Global.h */ = {isa = PBXFileReference; fileEncoding = 4; lastKnownFileType = sourcecode.c.h; path = Global.h; sourceTree = "<group>"; };
		18B9710A103AA78100809077 /* SynthesizeSingleton.h */ = {isa = PBXFileReference; fileEncoding = 4; lastKnownFileType = sourcecode.c.h; path = SynthesizeSingleton.h; sourceTree = "<group>"; };
		18B9710B103AA78100809077 /* Transform2D.h */ = {isa = PBXFileReference; fileEncoding = 4; lastKnownFileType = sourcecode.c.h; path = Transform2D.h; sourceTree = "<group>"; };
		18B9710D103AA7AF00809077 /* ParticleEmitter.h */ = {isa = PBXFileReference; fileEncoding = 4; lastKnownFileType = sourcecode.c.h; path = ParticleEmitter.h; sourceTree = "<group>"; };
		18B9710E103AA7AF00809077 /* ParticleEmitter.m */ = {isa = PBXFileReference; fileEncoding = 4; lastKnownFileType = sourcecode.c.objc; path = ParticleEmitter.m; sourceTree = "<group>"; };
		18B97111103AA7C600809077 /* BitmapFont.h */ = {isa = PBXFileReference; fileEncoding = 4; lastKnownFileType = sourcecode.c.h; path = BitmapFont.h; sourceTree = "<group>"; };
		18B97112103AA7C600809077 /* BitmapFont.m */ = {isa = PBXFileReference; fileEncoding = 4; lastKnownFileType = sourcecode.c.objc; path = BitmapFont.m; sourceTree = "<group>"; };
		18B9711F103AA7F800809077 /* Animation.h */ = {isa = PBXFileReference; fileEncoding = 4; lastKnownFileType = sourcecode.c.h; path = Animation.h; sourceTree = "<group>"; };
		18B97120103AA7F800809077 /* Animation.m */ = {isa = PBXFileReference; fileEncoding = 4; lastKnownFileType = sourcecode.c.objc; path = Animation.m; sourceTree = "<group>"; };
		18B97123103AA81400809077 /* SpriteSheet.h */ = {isa = PBXFileReference; fileEncoding = 4; lastKnownFileType = sourcecode.c.h; path = SpriteSheet.h; sourceTree = "<group>"; };
		18B97128103AA83400809077 /* Texture2D.h */ = {isa = PBXFileReference; fileEncoding = 4; lastKnownFileType = sourcecode.c.h; path = Texture2D.h; sourceTree = "<group>"; };
		18B97129103AA83400809077 /* Texture2D.m */ = {isa = PBXFileReference; fileEncoding = 4; lastKnownFileType = sourcecode.c.objc; path = Texture2D.m; sourceTree = "<group>"; };
		18B97135103AA8AA00809077 /* TextureManager.h */ = {isa = PBXFileReference; fileEncoding = 4; lastKnownFileType = sourcecode.c.h; path = TextureManager.h; sourceTree = "<group>"; };
		18B97136103AA8AA00809077 /* TextureManager.m */ = {isa = PBXFileReference; fileEncoding = 4; lastKnownFileType = sourcecode.c.objc; path = TextureManager.m; sourceTree = "<group>"; };
		18B97139103AA8C500809077 /* ImageRenderManager.h */ = {isa = PBXFileReference; fileEncoding = 4; lastKnownFileType = sourcecode.c.h; path = ImageRenderManager.h; sourceTree = "<group>"; };
		18B9713A103AA8C500809077 /* ImageRenderManager.m */ = {isa = PBXFileReference; fileEncoding = 4; lastKnownFileType = sourcecode.c.objc; path = ImageRenderManager.m; sourceTree = "<group>"; };
		18B9713C103AA8DA00809077 /* AbstractEntity.h */ = {isa = PBXFileReference; fileEncoding = 4; lastKnownFileType = sourcecode.c.h; path = AbstractEntity.h; sourceTree = "<group>"; };
		18B9713D103AA8DA00809077 /* AbstractEntity.m */ = {isa = PBXFileReference; fileEncoding = 4; lastKnownFileType = sourcecode.c.objc; path = AbstractEntity.m; sourceTree = "<group>"; };
		18B9713E103AA8DA00809077 /* AbstractScene.h */ = {isa = PBXFileReference; fileEncoding = 4; lastKnownFileType = sourcecode.c.h; path = AbstractScene.h; sourceTree = "<group>"; };
		18B9713F103AA8DA00809077 /* AbstractScene.m */ = {isa = PBXFileReference; fileEncoding = 4; lastKnownFileType = sourcecode.c.objc; path = AbstractScene.m; sourceTree = "<group>"; };
		18B97151103AA91900809077 /* GameController.h */ = {isa = PBXFileReference; fileEncoding = 4; lastKnownFileType = sourcecode.c.h; path = GameController.h; sourceTree = "<group>"; };
		18B97152103AA91900809077 /* GameController.m */ = {isa = PBXFileReference; fileEncoding = 4; lastKnownFileType = sourcecode.c.objc; path = GameController.m; sourceTree = "<group>"; };
		18B9715F103AAB0F00809077 /* AVFoundation.framework */ = {isa = PBXFileReference; lastKnownFileType = wrapper.framework; name = AVFoundation.framework; path = System/Library/Frameworks/AVFoundation.framework; sourceTree = SDKROOT; };
		18B97161103AAB0F00809077 /* AudioToolbox.framework */ = {isa = PBXFileReference; lastKnownFileType = wrapper.framework; name = AudioToolbox.framework; path = System/Library/Frameworks/AudioToolbox.framework; sourceTree = SDKROOT; };
		18B97163103AAB0F00809077 /* CoreAudio.framework */ = {isa = PBXFileReference; lastKnownFileType = wrapper.framework; name = CoreAudio.framework; path = System/Library/Frameworks/CoreAudio.framework; sourceTree = SDKROOT; };
		18B97165103AAB0F00809077 /* CoreGraphics.framework */ = {isa = PBXFileReference; lastKnownFileType = wrapper.framework; name = CoreGraphics.framework; path = System/Library/Frameworks/CoreGraphics.framework; sourceTree = SDKROOT; };
		18B97167103AAB0F00809077 /* OpenAL.framework */ = {isa = PBXFileReference; lastKnownFileType = wrapper.framework; name = OpenAL.framework; path = System/Library/Frameworks/OpenAL.framework; sourceTree = SDKROOT; };
		18B9732F103AAB2F00809077 /* libz.dylib */ = {isa = PBXFileReference; lastKnownFileType = "compiled.mach-o.dylib"; name = libz.dylib; path = usr/lib/libz.dylib; sourceTree = SDKROOT; };
		1D30AB110D05D00D00671497 /* Foundation.framework */ = {isa = PBXFileReference; lastKnownFileType = wrapper.framework; name = Foundation.framework; path = System/Library/Frameworks/Foundation.framework; sourceTree = SDKROOT; };
		1D3623240D0F684500981E51 /* ClassicInvadersAppDelegate.h */ = {isa = PBXFileReference; fileEncoding = 4; lastKnownFileType = sourcecode.c.h; path = ClassicInvadersAppDelegate.h; sourceTree = "<group>"; };
		1D3623250D0F684500981E51 /* ClassicInvadersAppDelegate.m */ = {isa = PBXFileReference; fileEncoding = 4; lastKnownFileType = sourcecode.c.objc; path = ClassicInvadersAppDelegate.m; sourceTree = "<group>"; };
		1D6058910D05DD3D006BFB54 /* ClassicInvaders.app */ = {isa = PBXFileReference; explicitFileType = wrapper.application; includeInIndex = 0; path = ClassicInvaders.app; sourceTree = BUILT_PRODUCTS_DIR; };
		1DF5F4DF0D08C38300B7A737 /* UIKit.framework */ = {isa = PBXFileReference; lastKnownFileType = wrapper.framework; name = UIKit.framework; path = System/Library/Frameworks/UIKit.framework; sourceTree = SDKROOT; };
		28AD733E0D9D9553002E5188 /* MainWindow.xib */ = {isa = PBXFileReference; lastKnownFileType = file.xib; path = MainWindow.xib; sourceTree = "<group>"; };
		28FD14FF0DC6FC520079059D /* OpenGLES.framework */ = {isa = PBXFileReference; lastKnownFileType = wrapper.framework; name = OpenGLES.framework; path = System/Library/Frameworks/OpenGLES.framework; sourceTree = SDKROOT; };
		28FD15070DC6FC5B0079059D /* QuartzCore.framework */ = {isa = PBXFileReference; lastKnownFileType = wrapper.framework; name = QuartzCore.framework; path = System/Library/Frameworks/QuartzCore.framework; sourceTree = SDKROOT; };
		29B97316FDCFA39411CA2CEA /* main.m */ = {isa = PBXFileReference; fileEncoding = 4; lastKnownFileType = sourcecode.c.objc; path = main.m; sourceTree = "<group>"; };
		32CA4F630368D1EE00C91783 /* ClassicInvaders_Prefix.pch */ = {isa = PBXFileReference; fileEncoding = 4; lastKnownFileType = sourcecode.c.h; path = ClassicInvaders_Prefix.pch; sourceTree = "<group>"; };
		5F1BCB721151B86300F33168 /* Shot.h */ = {isa = PBXFileReference; fileEncoding = 4; lastKnownFileType = sourcecode.c.h; path = Shot.h; sourceTree = "<group>"; };
		5F1BCB731151B86300F33168 /* Shot.m */ = {isa = PBXFileReference; fileEncoding = 4; lastKnownFileType = sourcecode.c.objc; path = Shot.m; sourceTree = "<group>"; };
		5F1C42DC115038C70025119B /* Alien2.h */ = {isa = PBXFileReference; fileEncoding = 4; lastKnownFileType = sourcecode.c.h; path = Alien2.h; sourceTree = "<group>"; };
		5F1C42DD115038C70025119B /* Alien2.m */ = {isa = PBXFileReference; fileEncoding = 4; lastKnownFileType = sourcecode.c.objc; path = Alien2.m; sourceTree = "<group>"; };
		5F1C430211503B920025119B /* Alien3.h */ = {isa = PBXFileReference; fileEncoding = 4; lastKnownFileType = sourcecode.c.h; path = Alien3.h; sourceTree = "<group>"; };
		5F1C430311503B920025119B /* Alien3.m */ = {isa = PBXFileReference; fileEncoding = 4; lastKnownFileType = sourcecode.c.objc; path = Alien3.m; sourceTree = "<group>"; };
		5F1C433611503FD10025119B /* Player.h */ = {isa = PBXFileReference; fileEncoding = 4; lastKnownFileType = sourcecode.c.h; path = Player.h; sourceTree = "<group>"; };
		5F1C433711503FD10025119B /* Player.m */ = {isa = PBXFileReference; fileEncoding = 4; lastKnownFileType = sourcecode.c.objc; path = Player.m; sourceTree = "<group>"; };
		5F1CE0EE11714E280008E927 /* Flourish3.caf */ = {isa = PBXFileReference; lastKnownFileType = file; path = Flourish3.caf; sourceTree = "<group>"; };
		5F1D43C1114D8B7A00797E5B /* Alien.h */ = {isa = PBXFileReference; fileEncoding = 4; lastKnownFileType = sourcecode.c.h; path = Alien.h; sourceTree = "<group>"; };
		5F1D43C2114D8B7A00797E5B /* Alien.m */ = {isa = PBXFileReference; fileEncoding = 4; lastKnownFileType = sourcecode.c.objc; path = Alien.m; sourceTree = "<group>"; };
		5F1D43C5114D8DB200797E5B /* pss_coordinates.plist */ = {isa = PBXFileReference; fileEncoding = 4; lastKnownFileType = text.plist.xml; path = pss_coordinates.plist; sourceTree = "<group>"; };
		5F1D43C6114D8DB200797E5B /* pss.png */ = {isa = PBXFileReference; lastKnownFileType = image.png; path = pss.png; sourceTree = "<group>"; };
		5F224D431159A82600A4AFBC /* BigBonusShip.h */ = {isa = PBXFileReference; fileEncoding = 4; lastKnownFileType = sourcecode.c.h; path = BigBonusShip.h; sourceTree = "<group>"; };
		5F224D441159A82600A4AFBC /* BigBonusShip.m */ = {isa = PBXFileReference; fileEncoding = 4; lastKnownFileType = sourcecode.c.objc; path = BigBonusShip.m; sourceTree = "<group>"; };
		5F224D461159A86200A4AFBC /* SmallBonusShip.h */ = {isa = PBXFileReference; fileEncoding = 4; lastKnownFileType = sourcecode.c.h; path = SmallBonusShip.h; sourceTree = "<group>"; };
		5F224D471159A86200A4AFBC /* SmallBonusShip.m */ = {isa = PBXFileReference; fileEncoding = 4; lastKnownFileType = sourcecode.c.objc; path = SmallBonusShip.m; sourceTree = "<group>"; };
		5F3EFA96117FC9B60075E6CE /* ci_menu_mono_30.fnt */ = {isa = PBXFileReference; fileEncoding = 4; lastKnownFileType = text; path = ci_menu_mono_30.fnt; sourceTree = "<group>"; };
		5F3EFA98117FC9BC0075E6CE /* ci_menu_mono_30.png */ = {isa = PBXFileReference; lastKnownFileType = image.png; path = ci_menu_mono_30.png; sourceTree = "<group>"; };
		5F41975A116AC45400DD6A61 /* small_bonus.caf */ = {isa = PBXFileReference; lastKnownFileType = file; path = small_bonus.caf; sourceTree = "<group>"; };
		5F41975C116AC46900DD6A61 /* PowerUp3.caf */ = {isa = PBXFileReference; lastKnownFileType = file; path = PowerUp3.caf; sourceTree = "<group>"; };
		5F419766116AC7A900DD6A61 /* Transform1.caf */ = {isa = PBXFileReference; lastKnownFileType = file; path = Transform1.caf; sourceTree = "<group>"; };
		5F41977B116AC97700DD6A61 /* Transform4.caf */ = {isa = PBXFileReference; lastKnownFileType = file; path = Transform4.caf; sourceTree = "<group>"; };
		5F419783116ACB6400DD6A61 /* LevelUp2.caf */ = {isa = PBXFileReference; lastKnownFileType = file; path = LevelUp2.caf; sourceTree = "<group>"; };
		5F41978C116ACFBA00DD6A61 /* Lost2.caf */ = {isa = PBXFileReference; lastKnownFileType = file; path = Lost2.caf; sourceTree = "<group>"; };
		5F41978E116ACFD200DD6A61 /* bg_1.caf */ = {isa = PBXFileReference; lastKnownFileType = file; path = bg_1.caf; sourceTree = "<group>"; };
		5F41978F116ACFD200DD6A61 /* bg_2.caf */ = {isa = PBXFileReference; lastKnownFileType = file; path = bg_2.caf; sourceTree = "<group>"; };
		5F419790116ACFD200DD6A61 /* bg_3.caf */ = {isa = PBXFileReference; lastKnownFileType = file; path = bg_3.caf; sourceTree = "<group>"; };
		5F419791116ACFD300DD6A61 /* bg_4.caf */ = {isa = PBXFileReference; lastKnownFileType = file; path = bg_4.caf; sourceTree = "<group>"; };
		5F419792116ACFD300DD6A61 /* bg.caf */ = {isa = PBXFileReference; lastKnownFileType = file; path = bg.caf; sourceTree = "<group>"; };
		5F438F47117A192B00539457 /* alien-2-1.png */ = {isa = PBXFileReference; lastKnownFileType = image.png; path = "alien-2-1.png"; sourceTree = "<group>"; };
		5F438F49117A195700539457 /* alien-3-1.png */ = {isa = PBXFileReference; lastKnownFileType = image.png; path = "alien-3-1.png"; sourceTree = "<group>"; };
		5F438F4B117A19CA00539457 /* alien-2-4.png */ = {isa = PBXFileReference; lastKnownFileType = image.png; path = "alien-2-4.png"; sourceTree = "<group>"; };
		5F438F4D117A19ED00539457 /* alien-1-1.png */ = {isa = PBXFileReference; lastKnownFileType = image.png; path = "alien-1-1.png"; sourceTree = "<group>"; };
		5F438FA9117A46B700539457 /* menu_select.caf */ = {isa = PBXFileReference; lastKnownFileType = file; name = menu_select.caf; path = /Users/todd/Desktop/converted_sounds/current_ci_sounds/menu_select.caf; sourceTree = "<absolute>"; };
		5F47510311A82542007FB871 /* AlienShot.h */ = {isa = PBXFileReference; fileEncoding = 4; lastKnownFileType = sourcecode.c.h; path = AlienShot.h; sourceTree = "<group>"; };
		5F47510411A82542007FB871 /* AlienShot.m */ = {isa = PBXFileReference; fileEncoding = 4; lastKnownFileType = sourcecode.c.objc; path = AlienShot.m; sourceTree = "<group>"; };
		5F57A54F117541E90024F431 /* alien-1-2.png */ = {isa = PBXFileReference; lastKnownFileType = image.png; path = "alien-1-2.png"; sourceTree = "<group>"; };
		5F585F58116A9F67000DE830 /* shot.caf */ = {isa = PBXFileReference; lastKnownFileType = file; path = shot.caf; sourceTree = "<group>"; };
		5F585F5A116A9F8D000DE830 /* alien_death.caf */ = {isa = PBXFileReference; lastKnownFileType = file; name = alien_death.caf; path = /Users/todd/Desktop/converted_sounds/current_ci_sounds/alien_death.caf; sourceTree = "<absolute>"; };
		5F585F5C116A9F98000DE830 /* explosion.caf */ = {isa = PBXFileReference; lastKnownFileType = file; path = explosion.caf; sourceTree = "<group>"; };
		5F585F5E116A9FAD000DE830 /* player_rebirth.caf */ = {isa = PBXFileReference; lastKnownFileType = file; path = player_rebirth.caf; sourceTree = "<group>"; };
		5F585F60116A9FBD000DE830 /* BuzzyLp.caf */ = {isa = PBXFileReference; lastKnownFileType = file; name = BuzzyLp.caf; path = /Users/todd/Desktop/converted_sounds/Arcade_Sounds/BuzzyLp.caf; sourceTree = "<absolute>"; };
		5F585F6A116AA3E2000DE830 /* Impact3.caf */ = {isa = PBXFileReference; lastKnownFileType = file; path = Impact3.caf; sourceTree = "<group>"; };
		5F5FB329115EBD9000290A1F /* ShieldPiece.h */ = {isa = PBXFileReference; fileEncoding = 4; lastKnownFileType = sourcecode.c.h; path = ShieldPiece.h; sourceTree = "<group>"; };
		5F5FB32A115EBD9000290A1F /* ShieldPiece.m */ = {isa = PBXFileReference; fileEncoding = 4; lastKnownFileType = sourcecode.c.objc; path = ShieldPiece.m; sourceTree = "<group>"; };
		5F96133C1182662E001A3771 /* ci_menu_mono_30_purple.png */ = {isa = PBXFileReference; lastKnownFileType = image.png; path = ci_menu_mono_30_purple.png; sourceTree = "<group>"; };
		5F96133D1182662E001A3771 /* ci_menu_mono_30_purple.fnt */ = {isa = PBXFileReference; fileEncoding = 4; lastKnownFileType = text; path = ci_menu_mono_30_purple.fnt; sourceTree = "<group>"; };
		5F9D2EF6116FDA3F00E9541B /* Lost3.caf */ = {isa = PBXFileReference; lastKnownFileType = file; path = Lost3.caf; sourceTree = "<group>"; };
		5F9D2FCE11701ABE00E9541B /* MainWindow-iPad.xib */ = {isa = PBXFileReference; lastKnownFileType = file.xib; name = "MainWindow-iPad.xib"; path = "Resources-iPad/MainWindow-iPad.xib"; sourceTree = "<group>"; };
		5FA4005611B198A5000555A4 /* playerRebirth.xml */ = {isa = PBXFileReference; fileEncoding = 4; lastKnownFileType = text.xml; path = playerRebirth.xml; sourceTree = "<group>"; };
		5FA4FFFD11B16616000555A4 /* big-bonus-ui-gfx.png */ = {isa = PBXFileReference; lastKnownFileType = image.png; path = "big-bonus-ui-gfx.png"; sourceTree = "<group>"; };
		5FA4FFFE11B16616000555A4 /* small-bonus-ui-gfx.png */ = {isa = PBXFileReference; lastKnownFileType = image.png; path = "small-bonus-ui-gfx.png"; sourceTree = "<group>"; };
		5FB9529411B418D1007EC6BC /* allBlack-iPad.png */ = {isa = PBXFileReference; lastKnownFileType = image.png; path = "allBlack-iPad.png"; sourceTree = "<group>"; };
		5FB952EC11B42939007EC6BC /* mono50green.fnt */ = {isa = PBXFileReference; fileEncoding = 4; lastKnownFileType = text; path = mono50green.fnt; sourceTree = "<group>"; };
		5FB952ED11B42939007EC6BC /* mono50green.png */ = {isa = PBXFileReference; lastKnownFileType = image.png; path = mono50green.png; sourceTree = "<group>"; };
		5FB952F411B42AE5007EC6BC /* mono50purple.fnt */ = {isa = PBXFileReference; fileEncoding = 4; lastKnownFileType = text; path = mono50purple.fnt; sourceTree = "<group>"; };
		5FB952F511B42AE5007EC6BC /* mono50purple.png */ = {isa = PBXFileReference; lastKnownFileType = image.png; path = mono50purple.png; sourceTree = "<group>"; };
		8D1107310486CEB800E47090 /* ClassicInvaders-Info.plist */ = {isa = PBXFileReference; fileEncoding = 4; lastKnownFileType = text.plist.xml; path = "ClassicInvaders-Info.plist"; plistStructureDefinitionIdentifier = "com.apple.xcode.plist.structure-definition.iphone.info-plist"; sourceTree = "<group>"; };
		8F085E5D10F0A56E00E5DC0D /* bookAntiqua32.fnt */ = {isa = PBXFileReference; fileEncoding = 4; lastKnownFileType = text; path = bookAntiqua32.fnt; sourceTree = "<group>"; };
		8F085E5F10F0A56E00E5DC0D /* bookAntiqua32.png */ = {isa = PBXFileReference; lastKnownFileType = image.png; path = bookAntiqua32.png; sourceTree = "<group>"; };
		8F5E0E15112AB45C007EB939 /* EAGLView.h */ = {isa = PBXFileReference; lastKnownFileType = sourcecode.c.h; path = EAGLView.h; sourceTree = "<group>"; };
		8F5E0E16112AB45C007EB939 /* EAGLView.m */ = {isa = PBXFileReference; lastKnownFileType = sourcecode.c.objc; path = EAGLView.m; sourceTree = "<group>"; };
		8F5E0E17112AB45C007EB939 /* ES1Renderer.h */ = {isa = PBXFileReference; lastKnownFileType = sourcecode.c.h; path = ES1Renderer.h; sourceTree = "<group>"; };
		8F5E0E18112AB45C007EB939 /* ES1Renderer.m */ = {isa = PBXFileReference; lastKnownFileType = sourcecode.c.objc; path = ES1Renderer.m; sourceTree = "<group>"; };
		8F5E0E19112AB45C007EB939 /* ESRenderer.h */ = {isa = PBXFileReference; lastKnownFileType = sourcecode.c.h; path = ESRenderer.h; sourceTree = "<group>"; };
		8F6F64241068B3FC00DE6348 /* Structures.h */ = {isa = PBXFileReference; fileEncoding = 4; lastKnownFileType = sourcecode.c.h; path = Structures.h; sourceTree = "<group>"; };
		8F8569DB10C3E8F2008E53F8 /* dist.plist */ = {isa = PBXFileReference; fileEncoding = 4; lastKnownFileType = text.plist.xml; path = dist.plist; sourceTree = "<group>"; };
		8F8AE7EF10AEBF2A00D82C5B /* explosion.xml */ = {isa = PBXFileReference; fileEncoding = 4; lastKnownFileType = text.xml; path = explosion.xml; sourceTree = "<group>"; };
		8F8AE7F010AEBF2A00D82C5B /* alienBirth.xml */ = {isa = PBXFileReference; fileEncoding = 4; lastKnownFileType = text.xml; path = alienBirth.xml; sourceTree = "<group>"; };
		8F9F6E4D109C90AB0075FB0A /* PackedSpriteSheet.h */ = {isa = PBXFileReference; fileEncoding = 4; lastKnownFileType = sourcecode.c.h; path = PackedSpriteSheet.h; sourceTree = "<group>"; };
		8F9F6E4E109C90AB0075FB0A /* PackedSpriteSheet.m */ = {isa = PBXFileReference; fileEncoding = 4; lastKnownFileType = sourcecode.c.objc; path = PackedSpriteSheet.m; sourceTree = "<group>"; };
		8FB1F5F7112322C900D5356A /* SoundManager.h */ = {isa = PBXFileReference; fileEncoding = 4; lastKnownFileType = sourcecode.c.h; path = SoundManager.h; sourceTree = "<group>"; };
		8FB1F5F8112322C900D5356A /* SoundManager.m */ = {isa = PBXFileReference; fileEncoding = 4; lastKnownFileType = sourcecode.c.objc; path = SoundManager.m; sourceTree = "<group>"; };
		8FB43D5A10DD29F400A88C94 /* TBXMLParticleAdditions.m */ = {isa = PBXFileReference; fileEncoding = 4; lastKnownFileType = sourcecode.c.objc; path = TBXMLParticleAdditions.m; sourceTree = "<group>"; };
		8FB43D5C10DD2A0000A88C94 /* TBXMLParticleAdditions.h */ = {isa = PBXFileReference; fileEncoding = 4; lastKnownFileType = sourcecode.c.h; path = TBXMLParticleAdditions.h; sourceTree = "<group>"; };
		8FB4D43410AD6304003ADC58 /* allBlack.png */ = {isa = PBXFileReference; lastKnownFileType = image.png; path = allBlack.png; sourceTree = "<group>"; };
		8FD6476E10DB9F070025BA9D /* franklin16.fnt */ = {isa = PBXFileReference; fileEncoding = 4; lastKnownFileType = text; path = franklin16.fnt; sourceTree = "<group>"; };
		8FD6476F10DB9F070025BA9D /* franklin16.png */ = {isa = PBXFileReference; lastKnownFileType = image.png; path = franklin16.png; sourceTree = "<group>"; };
		8FDCC42910D0C217000C15E4 /* Score.h */ = {isa = PBXFileReference; fileEncoding = 4; lastKnownFileType = sourcecode.c.h; path = Score.h; sourceTree = "<group>"; };
		8FDCC42A10D0C217000C15E4 /* Score.m */ = {isa = PBXFileReference; fileEncoding = 4; lastKnownFileType = sourcecode.c.objc; path = Score.m; sourceTree = "<group>"; };
		8FDE722810B9A0E5008177E7 /* Image.h */ = {isa = PBXFileReference; fileEncoding = 4; lastKnownFileType = sourcecode.c.h; path = Image.h; sourceTree = "<group>"; };
		8FDE722910B9A0E5008177E7 /* Image.m */ = {isa = PBXFileReference; fileEncoding = 4; lastKnownFileType = sourcecode.c.objc; path = Image.m; sourceTree = "<group>"; };
		8FEAB092108776B800CE2786 /* icon.png */ = {isa = PBXFileReference; lastKnownFileType = image.png; path = icon.png; sourceTree = "<group>"; };
		8FF379EE10530D5200C98F63 /* SpriteSheet.m */ = {isa = PBXFileReference; fileEncoding = 4; lastKnownFileType = sourcecode.c.objc; path = SpriteSheet.m; sourceTree = "<group>"; };
		8FF37A1D10530EB100C98F63 /* GameScene.h */ = {isa = PBXFileReference; fileEncoding = 4; lastKnownFileType = sourcecode.c.h; path = GameScene.h; sourceTree = "<group>"; };
		8FF37A1E10530EB100C98F63 /* GameScene.m */ = {isa = PBXFileReference; fileEncoding = 4; indentWidth = 4; lastKnownFileType = sourcecode.c.objc; path = GameScene.m; sourceTree = "<group>"; tabWidth = 4; usesTabs = 1; };
		8FF37B351053BA2400C98F63 /* Primatives.m */ = {isa = PBXFileReference; explicitFileType = sourcecode.c.objc; fileEncoding = 4; path = Primatives.m; sourceTree = "<group>"; };
		8FF37E0E1054008300C98F63 /* Primatives.h */ = {isa = PBXFileReference; fileEncoding = 4; lastKnownFileType = sourcecode.c.h; path = Primatives.h; sourceTree = "<group>"; };
		8FF37E35105406A400C98F63 /* MenuScene.h */ = {isa = PBXFileReference; fileEncoding = 4; lastKnownFileType = sourcecode.c.h; path = MenuScene.h; sourceTree = "<group>"; };
		8FF37E36105406A400C98F63 /* MenuScene.m */ = {isa = PBXFileReference; fileEncoding = 4; lastKnownFileType = sourcecode.c.objc; path = MenuScene.m; sourceTree = "<group>"; };
		8FF3813B10542EE200C98F63 /* MyOpenALSupport.c */ = {isa = PBXFileReference; fileEncoding = 4; lastKnownFileType = sourcecode.c.c; path = MyOpenALSupport.c; sourceTree = "<group>"; };
		8FF3813C10542EE200C98F63 /* MyOpenALSupport.h */ = {isa = PBXFileReference; fileEncoding = 4; lastKnownFileType = sourcecode.c.h; path = MyOpenALSupport.h; sourceTree = "<group>"; };
		8FFBD21E10EB74600002C000 /* texture.png */ = {isa = PBXFileReference; lastKnownFileType = image.png; path = texture.png; sourceTree = "<group>"; };
/* End PBXFileReference section */

/* Begin PBXFrameworksBuildPhase section */
		1D60588F0D05DD3D006BFB54 /* Frameworks */ = {
			isa = PBXFrameworksBuildPhase;
			buildActionMask = 2147483647;
			files = (
				1D60589F0D05DD5A006BFB54 /* Foundation.framework in Frameworks */,
				1DF5F4E00D08C38300B7A737 /* UIKit.framework in Frameworks */,
				28FD15000DC6FC520079059D /* OpenGLES.framework in Frameworks */,
				28FD15080DC6FC5B0079059D /* QuartzCore.framework in Frameworks */,
				18B97160103AAB0F00809077 /* AVFoundation.framework in Frameworks */,
				18B97162103AAB0F00809077 /* AudioToolbox.framework in Frameworks */,
				18B97164103AAB0F00809077 /* CoreAudio.framework in Frameworks */,
				18B97166103AAB0F00809077 /* CoreGraphics.framework in Frameworks */,
				18B97168103AAB0F00809077 /* OpenAL.framework in Frameworks */,
				18B97330103AAB2F00809077 /* libz.dylib in Frameworks */,
			);
			runOnlyForDeploymentPostprocessing = 0;
		};
/* End PBXFrameworksBuildPhase section */

/* Begin PBXGroup section */
		080E96DDFE201D6D7F000001 /* Classes */ = {
			isa = PBXGroup;
			children = (
				8FD15155105A99E600201E1F /* Views */,
				1D3623240D0F684500981E51 /* ClassicInvadersAppDelegate.h */,
				1D3623250D0F684500981E51 /* ClassicInvadersAppDelegate.m */,
			);
			path = Classes;
			sourceTree = "<group>";
		};
		18B970CB103AA59100809077 /* Game Controller */ = {
			isa = PBXGroup;
			children = (
				18B97151103AA91900809077 /* GameController.h */,
				18B97152103AA91900809077 /* GameController.m */,
			);
			name = "Game Controller";
			sourceTree = "<group>";
		};
		18B970CC103AA5B100809077 /* TBXML */ = {
			isa = PBXGroup;
			children = (
				18B970D7103AA64F00809077 /* NSDataAdditions.h */,
				18B970D8103AA64F00809077 /* NSDataAdditions.m */,
				18B970D9103AA64F00809077 /* TBXML.h */,
				18B970DA103AA64F00809077 /* TBXML.m */,
			);
			name = TBXML;
			sourceTree = "<group>";
		};
		18B970D0103AA5CA00809077 /* Game Resources */ = {
			isa = PBXGroup;
			children = (
				5F1D4539114DCE4500797E5B /* Images */,
				18B970E0103AA66E00809077 /* Sounds */,
				8F8AE7ED10AEBEFE00D82C5B /* Particle Emitter Config */,
				18B970E1103AA67400809077 /* Bitmap Fonts */,
			);
			name = "Game Resources";
			sourceTree = "<group>";
		};
		18B970D1103AA5D400809077 /* Global Headers */ = {
			isa = PBXGroup;
			children = (
				18B97109103AA78100809077 /* Global.h */,
				18B9710B103AA78100809077 /* Transform2D.h */,
				8F6F64241068B3FC00DE6348 /* Structures.h */,
				18B9710A103AA78100809077 /* SynthesizeSingleton.h */,
			);
			name = "Global Headers";
			sourceTree = "<group>";
		};
		18B970D2103AA5DA00809077 /* Game Engine */ = {
			isa = PBXGroup;
			children = (
				18B9712E103AA84C00809077 /* Managers */,
				8FF37B331053BA1100C98F63 /* Primatives */,
				18B97126103AA81A00809077 /* Image */,
				18B97122103AA80000809077 /* Sprite Sheet */,
				18B9711E103AA7E800809077 /* Animation */,
				18B97110103AA7B300809077 /* Bitmap Font */,
				18B9710C103AA78A00809077 /* Particles */,
			);
			name = "Game Engine";
			sourceTree = "<group>";
		};
		18B970D3103AA5E000809077 /* Abstract Classes */ = {
			isa = PBXGroup;
			children = (
				18B9713C103AA8DA00809077 /* AbstractEntity.h */,
				18B9713D103AA8DA00809077 /* AbstractEntity.m */,
				18B9713E103AA8DA00809077 /* AbstractScene.h */,
				18B9713F103AA8DA00809077 /* AbstractScene.m */,
			);
			name = "Abstract Classes";
			sourceTree = "<group>";
		};
		18B970D4103AA5E800809077 /* Game Entities */ = {
			isa = PBXGroup;
			children = (
				5F1C42DC115038C70025119B /* Alien2.h */,
				5F1C42DD115038C70025119B /* Alien2.m */,
				5F1D43C1114D8B7A00797E5B /* Alien.h */,
				5F1D43C2114D8B7A00797E5B /* Alien.m */,
				5F1C430211503B920025119B /* Alien3.h */,
				5F1C430311503B920025119B /* Alien3.m */,
				5F1C433611503FD10025119B /* Player.h */,
				5F1C433711503FD10025119B /* Player.m */,
				5F1BCB721151B86300F33168 /* Shot.h */,
				5F1BCB731151B86300F33168 /* Shot.m */,
				5F224D431159A82600A4AFBC /* BigBonusShip.h */,
				5F224D441159A82600A4AFBC /* BigBonusShip.m */,
				5F224D461159A86200A4AFBC /* SmallBonusShip.h */,
				5F224D471159A86200A4AFBC /* SmallBonusShip.m */,
				5F5FB329115EBD9000290A1F /* ShieldPiece.h */,
				5F5FB32A115EBD9000290A1F /* ShieldPiece.m */,
				5F47510311A82542007FB871 /* AlienShot.h */,
				5F47510411A82542007FB871 /* AlienShot.m */,
			);
			name = "Game Entities";
			sourceTree = "<group>";
		};
		18B970D5103AA5F000809077 /* Game Scenes */ = {
			isa = PBXGroup;
			children = (
				8FDCC42810D0C1E1000C15E4 /* Menu */,
				8FDCC42710D0C1D5000C15E4 /* Game */,
			);
			name = "Game Scenes";
			sourceTree = "<group>";
		};
		18B970E0103AA66E00809077 /* Sounds */ = {
			isa = PBXGroup;
			children = (
				5F438FA9117A46B700539457 /* menu_select.caf */,
				5F1CE0EE11714E280008E927 /* Flourish3.caf */,
				5F585F58116A9F67000DE830 /* shot.caf */,
				5F41975A116AC45400DD6A61 /* small_bonus.caf */,
				5F41978E116ACFD200DD6A61 /* bg_1.caf */,
				5F41978F116ACFD200DD6A61 /* bg_2.caf */,
				5F419790116ACFD200DD6A61 /* bg_3.caf */,
				5F419791116ACFD300DD6A61 /* bg_4.caf */,
				5F419792116ACFD300DD6A61 /* bg.caf */,
				5F9D2EF6116FDA3F00E9541B /* Lost3.caf */,
				5F41975C116AC46900DD6A61 /* PowerUp3.caf */,
				5F585F5C116A9F98000DE830 /* explosion.caf */,
				5F419783116ACB6400DD6A61 /* LevelUp2.caf */,
				5F585F5E116A9FAD000DE830 /* player_rebirth.caf */,
				5F585F5A116A9F8D000DE830 /* alien_death.caf */,
				5F419766116AC7A900DD6A61 /* Transform1.caf */,
				5F41977B116AC97700DD6A61 /* Transform4.caf */,
				5F41978C116ACFBA00DD6A61 /* Lost2.caf */,
				5F585F6A116AA3E2000DE830 /* Impact3.caf */,
				5F585F60116A9FBD000DE830 /* BuzzyLp.caf */,
			);
			name = Sounds;
			sourceTree = "<group>";
		};
		18B970E1103AA67400809077 /* Bitmap Fonts */ = {
			isa = PBXGroup;
			children = (
				5F96133C1182662E001A3771 /* ci_menu_mono_30_purple.png */,
				5FB952F411B42AE5007EC6BC /* mono50purple.fnt */,
				5FB952F511B42AE5007EC6BC /* mono50purple.png */,
				5F96133D1182662E001A3771 /* ci_menu_mono_30_purple.fnt */,
				5F3EFA96117FC9B60075E6CE /* ci_menu_mono_30.fnt */,
				5F3EFA98117FC9BC0075E6CE /* ci_menu_mono_30.png */,
				5FB952EC11B42939007EC6BC /* mono50green.fnt */,
				5FB952ED11B42939007EC6BC /* mono50green.png */,
				8F085E5D10F0A56E00E5DC0D /* bookAntiqua32.fnt */,
				8F085E5F10F0A56E00E5DC0D /* bookAntiqua32.png */,
				8FD6476E10DB9F070025BA9D /* franklin16.fnt */,
				8FD6476F10DB9F070025BA9D /* franklin16.png */,
			);
			name = "Bitmap Fonts";
			sourceTree = "<group>";
		};
		18B9710C103AA78A00809077 /* Particles */ = {
			isa = PBXGroup;
			children = (
				8FB43D5C10DD2A0000A88C94 /* TBXMLParticleAdditions.h */,
				8FB43D5A10DD29F400A88C94 /* TBXMLParticleAdditions.m */,
				18B9710D103AA7AF00809077 /* ParticleEmitter.h */,
				18B9710E103AA7AF00809077 /* ParticleEmitter.m */,
			);
			name = Particles;
			sourceTree = "<group>";
		};
		18B97110103AA7B300809077 /* Bitmap Font */ = {
			isa = PBXGroup;
			children = (
				18B97111103AA7C600809077 /* BitmapFont.h */,
				18B97112103AA7C600809077 /* BitmapFont.m */,
			);
			name = "Bitmap Font";
			sourceTree = "<group>";
		};
		18B9711E103AA7E800809077 /* Animation */ = {
			isa = PBXGroup;
			children = (
				18B9711F103AA7F800809077 /* Animation.h */,
				18B97120103AA7F800809077 /* Animation.m */,
			);
			name = Animation;
			sourceTree = "<group>";
		};
		18B97122103AA80000809077 /* Sprite Sheet */ = {
			isa = PBXGroup;
			children = (
				18B97123103AA81400809077 /* SpriteSheet.h */,
				8FF379EE10530D5200C98F63 /* SpriteSheet.m */,
				8F9F6E4D109C90AB0075FB0A /* PackedSpriteSheet.h */,
				8F9F6E4E109C90AB0075FB0A /* PackedSpriteSheet.m */,
			);
			name = "Sprite Sheet";
			sourceTree = "<group>";
		};
		18B97126103AA81A00809077 /* Image */ = {
			isa = PBXGroup;
			children = (
				8FDE722810B9A0E5008177E7 /* Image.h */,
				8FDE722910B9A0E5008177E7 /* Image.m */,
				18B97127103AA81F00809077 /* Texture2D */,
			);
			name = Image;
			sourceTree = "<group>";
		};
		18B97127103AA81F00809077 /* Texture2D */ = {
			isa = PBXGroup;
			children = (
				18B97128103AA83400809077 /* Texture2D.h */,
				18B97129103AA83400809077 /* Texture2D.m */,
			);
			name = Texture2D;
			sourceTree = "<group>";
		};
		18B9712E103AA84C00809077 /* Managers */ = {
			isa = PBXGroup;
			children = (
				18B97138103AA8AE00809077 /* Image Render Manager */,
				18B97134103AA89200809077 /* Texture Manager */,
				18B9712F103AA85200809077 /* Sound Manager */,
			);
			name = Managers;
			sourceTree = "<group>";
		};
		18B9712F103AA85200809077 /* Sound Manager */ = {
			isa = PBXGroup;
			children = (
				8FB1F5F7112322C900D5356A /* SoundManager.h */,
				8FB1F5F8112322C900D5356A /* SoundManager.m */,
				8FF3813C10542EE200C98F63 /* MyOpenALSupport.h */,
				8FF3813B10542EE200C98F63 /* MyOpenALSupport.c */,
			);
			name = "Sound Manager";
			sourceTree = "<group>";
		};
		18B97134103AA89200809077 /* Texture Manager */ = {
			isa = PBXGroup;
			children = (
				18B97135103AA8AA00809077 /* TextureManager.h */,
				18B97136103AA8AA00809077 /* TextureManager.m */,
			);
			name = "Texture Manager";
			sourceTree = "<group>";
		};
		18B97138103AA8AE00809077 /* Image Render Manager */ = {
			isa = PBXGroup;
			children = (
				18B97139103AA8C500809077 /* ImageRenderManager.h */,
				18B9713A103AA8C500809077 /* ImageRenderManager.m */,
			);
			name = "Image Render Manager";
			sourceTree = "<group>";
		};
		19C28FACFE9D520D11CA2CBB /* Products */ = {
			isa = PBXGroup;
			children = (
				1D6058910D05DD3D006BFB54 /* ClassicInvaders.app */,
			);
			name = Products;
			sourceTree = "<group>";
		};
		29B97314FDCFA39411CA2CEA /* CustomTemplate */ = {
			isa = PBXGroup;
			children = (
				18B970CC103AA5B100809077 /* TBXML */,
				18B970D0103AA5CA00809077 /* Game Resources */,
				18B970D1103AA5D400809077 /* Global Headers */,
				18B970D2103AA5DA00809077 /* Game Engine */,
				18B970D3103AA5E000809077 /* Abstract Classes */,
				18B970D4103AA5E800809077 /* Game Entities */,
				18B970D5103AA5F000809077 /* Game Scenes */,
				18B970CB103AA59100809077 /* Game Controller */,
				080E96DDFE201D6D7F000001 /* Classes */,
				29B97315FDCFA39411CA2CEA /* Other Sources */,
				29B97317FDCFA39411CA2CEA /* Resources */,
				5F9D2FCD11701ABD00E9541B /* Resources-iPad */,
				29B97323FDCFA39411CA2CEA /* Frameworks */,
				19C28FACFE9D520D11CA2CBB /* Products */,
			);
			name = CustomTemplate;
			sourceTree = "<group>";
		};
		29B97315FDCFA39411CA2CEA /* Other Sources */ = {
			isa = PBXGroup;
			children = (
				8F8569DB10C3E8F2008E53F8 /* dist.plist */,
				32CA4F630368D1EE00C91783 /* ClassicInvaders_Prefix.pch */,
				29B97316FDCFA39411CA2CEA /* main.m */,
			);
			name = "Other Sources";
			sourceTree = "<group>";
		};
		29B97317FDCFA39411CA2CEA /* Resources */ = {
			isa = PBXGroup;
			children = (
				28AD733E0D9D9553002E5188 /* MainWindow.xib */,
				8D1107310486CEB800E47090 /* ClassicInvaders-Info.plist */,
			);
			name = Resources;
			sourceTree = "<group>";
		};
		29B97323FDCFA39411CA2CEA /* Frameworks */ = {
			isa = PBXGroup;
			children = (
				18B9732F103AAB2F00809077 /* libz.dylib */,
				18B9715F103AAB0F00809077 /* AVFoundation.framework */,
				18B97161103AAB0F00809077 /* AudioToolbox.framework */,
				18B97163103AAB0F00809077 /* CoreAudio.framework */,
				18B97165103AAB0F00809077 /* CoreGraphics.framework */,
				18B97167103AAB0F00809077 /* OpenAL.framework */,
				28FD15070DC6FC5B0079059D /* QuartzCore.framework */,
				28FD14FF0DC6FC520079059D /* OpenGLES.framework */,
				1DF5F4DF0D08C38300B7A737 /* UIKit.framework */,
				1D30AB110D05D00D00671497 /* Foundation.framework */,
			);
			name = Frameworks;
			sourceTree = "<group>";
		};
		5F1D4539114DCE4500797E5B /* Images */ = {
			isa = PBXGroup;
			children = (
				5F1D43C5114D8DB200797E5B /* pss_coordinates.plist */,
				5FA4FFFD11B16616000555A4 /* big-bonus-ui-gfx.png */,
				5FA4FFFE11B16616000555A4 /* small-bonus-ui-gfx.png */,
				5F438F47117A192B00539457 /* alien-2-1.png */,
				5F438F49117A195700539457 /* alien-3-1.png */,
				5F438F4B117A19CA00539457 /* alien-2-4.png */,
				5F438F4D117A19ED00539457 /* alien-1-1.png */,
				5F57A54F117541E90024F431 /* alien-1-2.png */,
				5FB9529411B418D1007EC6BC /* allBlack-iPad.png */,
				5F1D43C6114D8DB200797E5B /* pss.png */,
				8FFBD21E10EB74600002C000 /* texture.png */,
				8FB4D43410AD6304003ADC58 /* allBlack.png */,
				8FEAB092108776B800CE2786 /* icon.png */,
			);
			name = Images;
			sourceTree = "<group>";
		};
		5F9D2FCD11701ABD00E9541B /* Resources-iPad */ = {
			isa = PBXGroup;
			children = (
				5F9D2FCE11701ABE00E9541B /* MainWindow-iPad.xib */,
			);
			name = "Resources-iPad";
			sourceTree = "<group>";
		};
		8F8AE7ED10AEBEFE00D82C5B /* Particle Emitter Config */ = {
			isa = PBXGroup;
			children = (
				8F8AE7EF10AEBF2A00D82C5B /* explosion.xml */,
				5FA4005611B198A5000555A4 /* playerRebirth.xml */,
				8F8AE7F010AEBF2A00D82C5B /* alienBirth.xml */,
			);
			name = "Particle Emitter Config";
			sourceTree = "<group>";
		};
		8FD15155105A99E600201E1F /* Views */ = {
			isa = PBXGroup;
			children = (
				8F5E0E15112AB45C007EB939 /* EAGLView.h */,
				8F5E0E16112AB45C007EB939 /* EAGLView.m */,
				8F5E0E19112AB45C007EB939 /* ESRenderer.h */,
				8F5E0E17112AB45C007EB939 /* ES1Renderer.h */,
				8F5E0E18112AB45C007EB939 /* ES1Renderer.m */,
			);
			name = Views;
			sourceTree = "<group>";
		};
		8FDCC42710D0C1D5000C15E4 /* Game */ = {
			isa = PBXGroup;
			children = (
				8FF37A1D10530EB100C98F63 /* GameScene.h */,
				8FF37A1E10530EB100C98F63 /* GameScene.m */,
			);
			name = Game;
			sourceTree = "<group>";
		};
		8FDCC42810D0C1E1000C15E4 /* Menu */ = {
			isa = PBXGroup;
			children = (
				8FF37E35105406A400C98F63 /* MenuScene.h */,
				8FF37E36105406A400C98F63 /* MenuScene.m */,
				8FDCC42910D0C217000C15E4 /* Score.h */,
				8FDCC42A10D0C217000C15E4 /* Score.m */,
			);
			name = Menu;
			sourceTree = "<group>";
		};
		8FF37B331053BA1100C98F63 /* Primatives */ = {
			isa = PBXGroup;
			children = (
				8FF37E0E1054008300C98F63 /* Primatives.h */,
				8FF37B351053BA2400C98F63 /* Primatives.m */,
			);
			name = Primatives;
			sourceTree = "<group>";
		};
/* End PBXGroup section */

/* Begin PBXNativeTarget section */
		1D6058900D05DD3D006BFB54 /* ClassicInvaders */ = {
			isa = PBXNativeTarget;
			buildConfigurationList = 1D6058960D05DD3E006BFB54 /* Build configuration list for PBXNativeTarget "ClassicInvaders" */;
			buildPhases = (
				1D60588D0D05DD3D006BFB54 /* Resources */,
				1D60588E0D05DD3D006BFB54 /* Sources */,
				1D60588F0D05DD3D006BFB54 /* Frameworks */,
			);
			buildRules = (
			);
			dependencies = (
			);
			name = ClassicInvaders;
			productName = SLQTSOR;
			productReference = 1D6058910D05DD3D006BFB54 /* ClassicInvaders.app */;
			productType = "com.apple.product-type.application";
		};
/* End PBXNativeTarget section */

/* Begin PBXProject section */
		29B97313FDCFA39411CA2CEA /* Project object */ = {
			isa = PBXProject;
			attributes = {
				BuildIndependentTargetsInParallel = YES;
				ORGANIZATIONNAME = "The No Quarter Arcade";
			};
			buildConfigurationList = C01FCF4E08A954540054247B /* Build configuration list for PBXProject "ClassicInvaders" */;
			compatibilityVersion = "Xcode 3.2";
			hasScannedForEncodings = 1;
			mainGroup = 29B97314FDCFA39411CA2CEA /* CustomTemplate */;
			projectDirPath = "";
			projectRoot = "";
			targets = (
				1D6058900D05DD3D006BFB54 /* ClassicInvaders */,
			);
		};
/* End PBXProject section */

/* Begin PBXResourcesBuildPhase section */
		1D60588D0D05DD3D006BFB54 /* Resources */ = {
			isa = PBXResourcesBuildPhase;
			buildActionMask = 2147483647;
			files = (
				28AD733F0D9D9553002E5188 /* MainWindow.xib in Resources */,
				8FEAB093108776B800CE2786 /* icon.png in Resources */,
				8FB4D43510AD6304003ADC58 /* allBlack.png in Resources */,
				8F8AE7F210AEBF2A00D82C5B /* explosion.xml in Resources */,
				8F8AE7F310AEBF2A00D82C5B /* alienBirth.xml in Resources */,
				8F8569DC10C3E8F2008E53F8 /* dist.plist in Resources */,
				8FD6477010DB9F070025BA9D /* franklin16.fnt in Resources */,
				8FD6477110DB9F070025BA9D /* franklin16.png in Resources */,
				8FFBD21F10EB74600002C000 /* texture.png in Resources */,
				8F085E6110F0A56E00E5DC0D /* bookAntiqua32.fnt in Resources */,
				8F085E6310F0A56E00E5DC0D /* bookAntiqua32.png in Resources */,
				5F1D43C7114D8DB200797E5B /* pss_coordinates.plist in Resources */,
				5F1D43C8114D8DB200797E5B /* pss.png in Resources */,
				5F585F59116A9F67000DE830 /* shot.caf in Resources */,
				5F585F5B116A9F8D000DE830 /* alien_death.caf in Resources */,
				5F585F5D116A9F98000DE830 /* explosion.caf in Resources */,
				5F585F5F116A9FAD000DE830 /* player_rebirth.caf in Resources */,
				5F585F61116A9FBD000DE830 /* BuzzyLp.caf in Resources */,
				5F585F6B116AA3E2000DE830 /* Impact3.caf in Resources */,
				5F41975B116AC45400DD6A61 /* small_bonus.caf in Resources */,
				5F41975D116AC46900DD6A61 /* PowerUp3.caf in Resources */,
				5F419767116AC7A900DD6A61 /* Transform1.caf in Resources */,
				5F41977C116AC97700DD6A61 /* Transform4.caf in Resources */,
				5F419784116ACB6400DD6A61 /* LevelUp2.caf in Resources */,
				5F41978D116ACFBA00DD6A61 /* Lost2.caf in Resources */,
				5F419793116ACFD300DD6A61 /* bg_1.caf in Resources */,
				5F419794116ACFD300DD6A61 /* bg_2.caf in Resources */,
				5F419795116ACFD300DD6A61 /* bg_3.caf in Resources */,
				5F419796116ACFD300DD6A61 /* bg_4.caf in Resources */,
				5F419797116ACFD300DD6A61 /* bg.caf in Resources */,
				5F9D2EF7116FDA3F00E9541B /* Lost3.caf in Resources */,
				5F9D2FCF11701ABE00E9541B /* MainWindow-iPad.xib in Resources */,
				5F1CE0EF11714E280008E927 /* Flourish3.caf in Resources */,
				5F57A550117541E90024F431 /* alien-1-2.png in Resources */,
				5F438F48117A192B00539457 /* alien-2-1.png in Resources */,
				5F438F4A117A195700539457 /* alien-3-1.png in Resources */,
				5F438F4C117A19CA00539457 /* alien-2-4.png in Resources */,
				5F438F4E117A19ED00539457 /* alien-1-1.png in Resources */,
				5F438FAA117A46B700539457 /* menu_select.caf in Resources */,
				5F3EFA97117FC9B60075E6CE /* ci_menu_mono_30.fnt in Resources */,
				5F3EFA99117FC9BC0075E6CE /* ci_menu_mono_30.png in Resources */,
				5F96133E1182662E001A3771 /* ci_menu_mono_30_purple.png in Resources */,
				5F96133F1182662E001A3771 /* ci_menu_mono_30_purple.fnt in Resources */,
				5FA4FFFF11B16616000555A4 /* big-bonus-ui-gfx.png in Resources */,
				5FA4000011B16616000555A4 /* small-bonus-ui-gfx.png in Resources */,
				5FA4005711B198A5000555A4 /* playerRebirth.xml in Resources */,
				5FB9529511B418D1007EC6BC /* allBlack-iPad.png in Resources */,
				5FB952EE11B42939007EC6BC /* mono50green.fnt in Resources */,
				5FB952EF11B42939007EC6BC /* mono50green.png in Resources */,
				5FB952F611B42AE5007EC6BC /* mono50purple.fnt in Resources */,
				5FB952F711B42AE5007EC6BC /* mono50purple.png in Resources */,
			);
			runOnlyForDeploymentPostprocessing = 0;
		};
/* End PBXResourcesBuildPhase section */

/* Begin PBXSourcesBuildPhase section */
		1D60588E0D05DD3D006BFB54 /* Sources */ = {
			isa = PBXSourcesBuildPhase;
			buildActionMask = 2147483647;
			files = (
				8FDE043C112AB9B6008FF523 /* ES1Renderer.m in Sources */,
				8FDE043B112AB9B1008FF523 /* EAGLView.m in Sources */,
				1D60589B0D05DD56006BFB54 /* main.m in Sources */,
				1D3623260D0F684500981E51 /* ClassicInvadersAppDelegate.m in Sources */,
				18B970DB103AA64F00809077 /* NSDataAdditions.m in Sources */,
				18B970DC103AA64F00809077 /* TBXML.m in Sources */,
				18B9710F103AA7AF00809077 /* ParticleEmitter.m in Sources */,
				18B97113103AA7C600809077 /* BitmapFont.m in Sources */,
				18B97121103AA7F800809077 /* Animation.m in Sources */,
				18B9712A103AA83400809077 /* Texture2D.m in Sources */,
				18B97137103AA8AA00809077 /* TextureManager.m in Sources */,
				18B9713B103AA8C500809077 /* ImageRenderManager.m in Sources */,
				18B97140103AA8DA00809077 /* AbstractEntity.m in Sources */,
				18B97141103AA8DA00809077 /* AbstractScene.m in Sources */,
				18B97153103AA91900809077 /* GameController.m in Sources */,
				8FF379EF10530D5200C98F63 /* SpriteSheet.m in Sources */,
				8FF37A1F10530EB100C98F63 /* GameScene.m in Sources */,
				8FF37B361053BA2400C98F63 /* Primatives.m in Sources */,
				8FF37E37105406A400C98F63 /* MenuScene.m in Sources */,
				8FF3813F10542EE200C98F63 /* MyOpenALSupport.c in Sources */,
				8F9F6E4F109C90AB0075FB0A /* PackedSpriteSheet.m in Sources */,
				8FDE722A10B9A0E5008177E7 /* Image.m in Sources */,
				8FDCC42B10D0C217000C15E4 /* Score.m in Sources */,
				8FB43D5B10DD29F400A88C94 /* TBXMLParticleAdditions.m in Sources */,
				8FB1F5F9112322C900D5356A /* SoundManager.m in Sources */,
				5F1D43C3114D8B7A00797E5B /* Alien.m in Sources */,
				5F1C42DE115038C70025119B /* Alien2.m in Sources */,
				5F1C430411503B920025119B /* Alien3.m in Sources */,
				5F1C433811503FD10025119B /* Player.m in Sources */,
				5F1BCB741151B86300F33168 /* Shot.m in Sources */,
				5F224D451159A82600A4AFBC /* BigBonusShip.m in Sources */,
				5F224D481159A86200A4AFBC /* SmallBonusShip.m in Sources */,
				5F5FB32B115EBD9000290A1F /* ShieldPiece.m in Sources */,
				5F47510511A82542007FB871 /* AlienShot.m in Sources */,
			);
			runOnlyForDeploymentPostprocessing = 0;
		};
/* End PBXSourcesBuildPhase section */

/* Begin XCBuildConfiguration section */
		1D6058940D05DD3E006BFB54 /* Debug */ = {
			isa = XCBuildConfiguration;
			buildSettings = {
				ALWAYS_SEARCH_USER_PATHS = NO;
				ARCHS = "$(ARCHS_UNIVERSAL_IPHONE_OS)";
				BUILD_STYLE = Debug;
				COMPRESS_PNG_FILES = NO;
				COPY_PHASE_STRIP = NO;
				GCC_DYNAMIC_NO_PIC = NO;
				GCC_OPTIMIZATION_LEVEL = s;
				GCC_PRECOMPILE_PREFIX_HEADER = YES;
				GCC_PREFIX_HEADER = ClassicInvaders_Prefix.pch;
				"GCC_THUMB_SUPPORT[arch=armv6]" = NO;
				"GCC_THUMB_SUPPORT[arch=armv7]" = YES;
				INFOPLIST_FILE = "ClassicInvaders-Info.plist";
				IPHONEOS_DEPLOYMENT_TARGET = 3.1.2;
				ONLY_ACTIVE_ARCH = YES;
				PRODUCT_NAME = ClassicInvaders;
				SDKROOT = iphoneos3.2;
				TARGETED_DEVICE_FAMILY = "1,2";
			};
			name = Debug;
		};
		1D6058950D05DD3E006BFB54 /* Release */ = {
			isa = XCBuildConfiguration;
			buildSettings = {
				ALWAYS_SEARCH_USER_PATHS = NO;
				ARCHS = "$(ARCHS_UNIVERSAL_IPHONE_OS)";
				BUILD_STYLE = Release;
				COPY_PHASE_STRIP = YES;
				GCC_PRECOMPILE_PREFIX_HEADER = YES;
				GCC_PREFIX_HEADER = ClassicInvaders_Prefix.pch;
				"GCC_THUMB_SUPPORT[arch=armv6]" = "";
				INFOPLIST_FILE = "ClassicInvaders-Info.plist";
				IPHONEOS_DEPLOYMENT_TARGET = 3.1.3;
				PRODUCT_NAME = ClassicInvaders;
				SDKROOT = iphoneos3.2;
				TARGETED_DEVICE_FAMILY = "1,2";
			};
			name = Release;
		};
		8F8569EF10C3E941008E53F8 /* AdHoc */ = {
			isa = XCBuildConfiguration;
			buildSettings = {
				ARCHS = "$(ARCHS_STANDARD_32_BIT)";
				BUILD_STYLE = Release;
				CODE_SIGN_ENTITLEMENTS = dist.plist;
				"CODE_SIGN_IDENTITY[sdk=iphoneos*]" = "iPhone Distribution";
				GCC_C_LANGUAGE_STANDARD = c99;
				GCC_THUMB_SUPPORT = NO;
				GCC_WARN_ABOUT_RETURN_TYPE = YES;
				GCC_WARN_UNUSED_VARIABLE = YES;
				PREBINDING = NO;
				"PROVISIONING_PROFILE[sdk=iphoneos*]" = "";
				SDKROOT = iphoneos3.1.3;
			};
			name = AdHoc;
		};
		8F8569F010C3E941008E53F8 /* AdHoc */ = {
			isa = XCBuildConfiguration;
			buildSettings = {
				ALWAYS_SEARCH_USER_PATHS = NO;
				ARCHS = "$(ARCHS_UNIVERSAL_IPHONE_OS)";
				BUILD_STYLE = Release;
				COPY_PHASE_STRIP = YES;
				GCC_PRECOMPILE_PREFIX_HEADER = YES;
				GCC_PREFIX_HEADER = ClassicInvaders_Prefix.pch;
				"GCC_THUMB_SUPPORT[arch=armv6]" = "";
				INFOPLIST_FILE = "ClassicInvaders-Info.plist";
				IPHONEOS_DEPLOYMENT_TARGET = 3.1.3;
				PRODUCT_NAME = ClassicInvaders;
				SDKROOT = iphoneos3.2;
				TARGETED_DEVICE_FAMILY = "1,2";
			};
			name = AdHoc;
		};
		C01FCF4F08A954540054247B /* Debug */ = {
			isa = XCBuildConfiguration;
			buildSettings = {
				ARCHS = "$(ARCHS_STANDARD_32_BIT)";
				BUILD_STYLE = Debug;
				"CODE_SIGN_IDENTITY[sdk=iphoneos*]" = "iPhone Developer";
				GCC_C_LANGUAGE_STANDARD = c99;
				GCC_PREPROCESSOR_DEFINITIONS = DEBUG;
				GCC_THUMB_SUPPORT = NO;
				GCC_WARN_ABOUT_RETURN_TYPE = YES;
				GCC_WARN_UNUSED_VARIABLE = YES;
				PREBINDING = NO;
				SDKROOT = iphoneos3.1.3;
			};
			name = Debug;
		};
		C01FCF5008A954540054247B /* Release */ = {
			isa = XCBuildConfiguration;
			buildSettings = {
				ARCHS = "$(ARCHS_STANDARD_32_BIT)";
				BUILD_STYLE = Release;
				"CODE_SIGN_IDENTITY[sdk=iphoneos*]" = "iPhone Distribution";
				GCC_C_LANGUAGE_STANDARD = c99;
				GCC_THUMB_SUPPORT = NO;
				GCC_WARN_ABOUT_RETURN_TYPE = YES;
				GCC_WARN_UNUSED_VARIABLE = YES;
				PREBINDING = NO;
				"PROVISIONING_PROFILE[sdk=iphoneos*]" = "";
				SDKROOT = iphoneos3.1.3;
			};
			name = Release;
		};
/* End XCBuildConfiguration section */

/* Begin XCConfigurationList section */
		1D6058960D05DD3E006BFB54 /* Build configuration list for PBXNativeTarget "ClassicInvaders" */ = {
			isa = XCConfigurationList;
			buildConfigurations = (
				1D6058940D05DD3E006BFB54 /* Debug */,
				1D6058950D05DD3E006BFB54 /* Release */,
				8F8569F010C3E941008E53F8 /* AdHoc */,
			);
			defaultConfigurationIsVisible = 0;
			defaultConfigurationName = Release;
		};
		C01FCF4E08A954540054247B /* Build configuration list for PBXProject "ClassicInvaders" */ = {
			isa = XCConfigurationList;
			buildConfigurations = (
				C01FCF4F08A954540054247B /* Debug */,
				C01FCF5008A954540054247B /* Release */,
				8F8569EF10C3E941008E53F8 /* AdHoc */,
			);
			defaultConfigurationIsVisible = 0;
			defaultConfigurationName = Release;
		};
/* End XCConfigurationList section */
	};
	rootObject = 29B97313FDCFA39411CA2CEA /* Project object */;
}
